
Microsoft Visual Studio Solution File, Format Version 12.00
# Visual Studio 15
VisualStudioVersion = 15.0.28307.902
MinimumVisualStudioVersion = 10.0.40219.1
Project("{FAE04EC0-301F-11D3-BF4B-00C04F79EFBC}") = "TelegramForwarder", "TelegramForwarder\TelegramForwarder.csproj", "{29ED7E99-D6BB-474F-9F6C-96BB4915D7CD}"
EndProject
Global
	GlobalSection(SolutionConfigurationPlatforms) = preSolution
		Debug|Any CPU = Debug|Any CPU
		Release|Any CPU = Release|Any CPU
	EndGlobalSection
	GlobalSection(ProjectConfigurationPlatforms) = postSolution
		{29ED7E99-D6BB-474F-9F6C-96BB4915D7CD}.Debug|Any CPU.ActiveCfg = Debug|Any CPU
		{29ED7E99-D6BB-474F-9F6C-96BB4915D7CD}.Debug|Any CPU.Build.0 = Debug|Any CPU
		{29ED7E99-D6BB-474F-9F6C-96BB4915D7CD}.Release|Any CPU.ActiveCfg = Release|Any CPU
		{29ED7E99-D6BB-474F-9F6C-96BB4915D7CD}.Release|Any CPU.Build.0 = Release|Any CPU
	EndGlobalSection
	GlobalSection(SolutionProperties) = preSolution
		HideSolutionNode = FALSE
	EndGlobalSection
	GlobalSection(ExtensibilityGlobals) = postSolution
		SolutionGuid = {1A907FFC-70DB-44AD-A56F-860F13EA9684}
	EndGlobalSection
EndGlobal
